
Microsoft Visual Studio Solution File, Format Version 12.00
# Visual Studio 15
VisualStudioVersion = 15.0.27130.2027
MinimumVisualStudioVersion = 10.0.40219.1
Project("{FAE04EC0-301F-11D3-BF4B-00C04F79EFBC}") = "Frontend", "Frontend\Frontend.csproj", "{496DC6AF-97A6-499B-8DD5-A5612E39012A}"
EndProject
Global
	GlobalSection(SolutionConfigurationPlatforms) = preSolution
		Debug|Any CPU = Debug|Any CPU
		Release|Any CPU = Release|Any CPU
	EndGlobalSection
	GlobalSection(ProjectConfigurationPlatforms) = postSolution
		{496DC6AF-97A6-499B-8DD5-A5612E39012A}.Debug|Any CPU.ActiveCfg = Debug|Any CPU
		{496DC6AF-97A6-499B-8DD5-A5612E39012A}.Debug|Any CPU.Build.0 = Debug|Any CPU
		{496DC6AF-97A6-499B-8DD5-A5612E39012A}.Release|Any CPU.ActiveCfg = Release|Any CPU
		{496DC6AF-97A6-499B-8DD5-A5612E39012A}.Release|Any CPU.Build.0 = Release|Any CPU
	EndGlobalSection
	GlobalSection(SolutionProperties) = preSolution
		HideSolutionNode = FALSE
	EndGlobalSection
	GlobalSection(ExtensibilityGlobals) = postSolution
		SolutionGuid = {7E3EDF8C-D059-49D3-90C3-0E998CDE86D6}
	EndGlobalSection
EndGlobal
